PODS:
  - Flutter (1.0.0)
  - FMDB (2.7.2):
    - FMDB/standard (= 2.7.2)
  - FMDB/standard (2.7.2)
  - path_provider (0.0.1):
    - Flutter
  - sqflite (0.0.1):
    - Flutter
    - FMDB (~> 2.7.2)

DEPENDENCIES:
  - Flutter (from `/Users/rene/flutter/bin/cache/artifacts/engine/ios`)
  - "path_provider (from `/Users/rene/.pub-cache/hosted/pub.dartlang.org/path_provider-0.5.0+1/ios`)"
  - sqflite (from `/Users/rene/.pub-cache/hosted/pub.dartlang.org/sqflite-1.1.0/ios`)

SPEC REPOS:
  https://github.com/cocoapods/specs.git:
    - FMDB

EXTERNAL SOURCES:
  Flutter:
    :path: "/Users/rene/flutter/bin/cache/artifacts/engine/ios"
  path_provider:
    :path: "/Users/rene/.pub-cache/hosted/pub.dartlang.org/path_provider-0.5.0+1/ios"
  sqflite:
    :path: "/Users/rene/.pub-cache/hosted/pub.dartlang.org/sqflite-1.1.0/ios"

SPEC CHECKSUMS:
  Flutter: 58dd7d1b27887414a370fcccb9e645c08ffd7a6a
  FMDB: 6198a90e7b6900cfc046e6bc0ef6ebb7be9236aa
  path_provider: f96fff6166a8867510d2c25fdcc346327cc4b259
  sqflite: ff1d9da63c06588cc8d1faf7256d741f16989d5a

PODFILE CHECKSUM: c6c865faff84807a5d35de69eb2cdbdc36b99e15

COCOAPODS: 1.7.0
