PODS:
  - Flutter (1.0.0)
  - FMDB (2.7.5):
    - FMDB/standard (= 2.7.5)
  - FMDB/standard (2.7.5)
  - path_provider (0.0.1):
    - Flutter
  - sqflite (0.0.1):
    - Flutter
    - FMDB (~> 2.7.2)

DEPENDENCIES:
  - Flutter (from `/work/development/flutter/bin/cache/artifacts/engine/ios`)
  - "path_provider (from `/work/development/flutter/.pub-cache/hosted/pub.dartlang.org/path_provider-0.5.0+1/ios`)"
  - sqflite (from `/work/development/flutter/.pub-cache/hosted/pub.dartlang.org/sqflite-1.1.3/ios`)

SPEC REPOS:
  https://github.com/cocoapods/specs.git:
    - FMDB

EXTERNAL SOURCES:
  Flutter:
    :path: "/work/development/flutter/bin/cache/artifacts/engine/ios"
  path_provider:
    :path: "/work/development/flutter/.pub-cache/hosted/pub.dartlang.org/path_provider-0.5.0+1/ios"
  sqflite:
    :path: "/work/development/flutter/.pub-cache/hosted/pub.dartlang.org/sqflite-1.1.3/ios"

SPEC CHECKSUMS:
  Flutter: 9d0fac939486c9aba2809b7982dfdbb47a7b0296
  FMDB: 2ce00b547f966261cd18927a3ddb07cb6f3db82a
  path_provider: 09407919825bfe3c2deae39453b7a5b44f467873
  sqflite: d1612813fa7db7c667bed9f1d1b508deffc56999

PODFILE CHECKSUM: c6c865faff84807a5d35de69eb2cdbdc36b99e15

COCOAPODS: 1.5.3
